
Microsoft Visual Studio Solution File, Format Version 12.00
# Visual Studio Version 16
VisualStudioVersion = 16.0.31911.196
MinimumVisualStudioVersion = 10.0.40219.1
Project("{FAE04EC0-301F-11D3-BF4B-00C04F79EFBC}") = "Singleton", "Singleton\Singleton.csproj", "{532D6358-C4E3-4C50-A16F-9428287061C6}"
EndProject
Project("{FAE04EC0-301F-11D3-BF4B-00C04F79EFBC}") = "FactoryMethod", "FactoryMethod\FactoryMethod.csproj", "{8555A497-B0D0-456E-B1EF-EB1EAA30A65F}"
EndProject
Project("{FAE04EC0-301F-11D3-BF4B-00C04F79EFBC}") = "AbstractFactory", "AbstractFactory\AbstractFactory.csproj", "{C002B489-15CC-4EE7-9E17-A02389256F91}"
EndProject
Project("{FAE04EC0-301F-11D3-BF4B-00C04F79EFBC}") = "Observer", "Observer\Observer.csproj", "{B57FB5CB-C9A5-403A-80B4-0C83EA201CBF}"
EndProject
Project("{FAE04EC0-301F-11D3-BF4B-00C04F79EFBC}") = "DependencyInjection", "DependencyInjection\DependencyInjection.csproj", "{41CFC937-4CBC-4BCD-9B2D-2604D22A0A8F}"
EndProject
Project("{FAE04EC0-301F-11D3-BF4B-00C04F79EFBC}") = "NullObject", "NullObject\NullObject.csproj", "{51904163-3EE3-4946-9493-3C526C5DD715}"
EndProject
Global
	GlobalSection(SolutionConfigurationPlatforms) = preSolution
		Debug|Any CPU = Debug|Any CPU
		Release|Any CPU = Release|Any CPU
	EndGlobalSection
	GlobalSection(ProjectConfigurationPlatforms) = postSolution
		{532D6358-C4E3-4C50-A16F-9428287061C6}.Debug|Any CPU.ActiveCfg = Debug|Any CPU
		{532D6358-C4E3-4C50-A16F-9428287061C6}.Debug|Any CPU.Build.0 = Debug|Any CPU
		{532D6358-C4E3-4C50-A16F-9428287061C6}.Release|Any CPU.ActiveCfg = Release|Any CPU
		{532D6358-C4E3-4C50-A16F-9428287061C6}.Release|Any CPU.Build.0 = Release|Any CPU
		{8555A497-B0D0-456E-B1EF-EB1EAA30A65F}.Debug|Any CPU.ActiveCfg = Debug|Any CPU
		{8555A497-B0D0-456E-B1EF-EB1EAA30A65F}.Debug|Any CPU.Build.0 = Debug|Any CPU
		{8555A497-B0D0-456E-B1EF-EB1EAA30A65F}.Release|Any CPU.ActiveCfg = Release|Any CPU
		{8555A497-B0D0-456E-B1EF-EB1EAA30A65F}.Release|Any CPU.Build.0 = Release|Any CPU
		{C002B489-15CC-4EE7-9E17-A02389256F91}.Debug|Any CPU.ActiveCfg = Debug|Any CPU
		{C002B489-15CC-4EE7-9E17-A02389256F91}.Debug|Any CPU.Build.0 = Debug|Any CPU
		{C002B489-15CC-4EE7-9E17-A02389256F91}.Release|Any CPU.ActiveCfg = Release|Any CPU
		{C002B489-15CC-4EE7-9E17-A02389256F91}.Release|Any CPU.Build.0 = Release|Any CPU
		{B57FB5CB-C9A5-403A-80B4-0C83EA201CBF}.Debug|Any CPU.ActiveCfg = Debug|Any CPU
		{B57FB5CB-C9A5-403A-80B4-0C83EA201CBF}.Debug|Any CPU.Build.0 = Debug|Any CPU
		{B57FB5CB-C9A5-403A-80B4-0C83EA201CBF}.Release|Any CPU.ActiveCfg = Release|Any CPU
		{B57FB5CB-C9A5-403A-80B4-0C83EA201CBF}.Release|Any CPU.Build.0 = Release|Any CPU
		{41CFC937-4CBC-4BCD-9B2D-2604D22A0A8F}.Debug|Any CPU.ActiveCfg = Debug|Any CPU
		{41CFC937-4CBC-4BCD-9B2D-2604D22A0A8F}.Debug|Any CPU.Build.0 = Debug|Any CPU
		{41CFC937-4CBC-4BCD-9B2D-2604D22A0A8F}.Release|Any CPU.ActiveCfg = Release|Any CPU
		{41CFC937-4CBC-4BCD-9B2D-2604D22A0A8F}.Release|Any CPU.Build.0 = Release|Any CPU
		{51904163-3EE3-4946-9493-3C526C5DD715}.Debug|Any CPU.ActiveCfg = Debug|Any CPU
		{51904163-3EE3-4946-9493-3C526C5DD715}.Debug|Any CPU.Build.0 = Debug|Any CPU
		{51904163-3EE3-4946-9493-3C526C5DD715}.Release|Any CPU.ActiveCfg = Release|Any CPU
		{51904163-3EE3-4946-9493-3C526C5DD715}.Release|Any CPU.Build.0 = Release|Any CPU
	EndGlobalSection
	GlobalSection(SolutionProperties) = preSolution
		HideSolutionNode = FALSE
	EndGlobalSection
	GlobalSection(ExtensibilityGlobals) = postSolution
		SolutionGuid = {BEF928CA-E1EC-4B12-952B-6A8CDF15D1B2}
	EndGlobalSection
EndGlobal
